
Microsoft Visual Studio Solution File, Format Version 12.00
# Visual Studio Version 17
VisualStudioVersion = 17.0.31903.59
MinimumVisualStudioVersion = 10.0.40219.1
Project("{2150E333-8FDC-42A3-9474-1A3956D46DE8}") = "src", "src", "{827E0CD3-B72D-47B6-A68D-7590B98EB39B}"
EndProject
Project("{2150E333-8FDC-42A3-9474-1A3956D46DE8}") = "Api", "Api", "{81034408-37C8-1011-444E-4C15C2FADA8E}"
EndProject
Project("{FAE04EC0-301F-11D3-BF4B-00C04F79EFBC}") = "NotaFiscalHub.Api", "src\Api\NotaFiscalHub.Api\NotaFiscalHub.Api.csproj", "{A581B7BF-3A22-4DA1-9FA9-947A826C884A}"
EndProject
Project("{2150E333-8FDC-42A3-9474-1A3956D46DE8}") = "Modules", "Modules", "{EC447DCF-ABFA-6E24-52A5-D7FD48A5C558}"
EndProject
Project("{2150E333-8FDC-42A3-9474-1A3956D46DE8}") = "ContasPlanos", "ContasPlanos", "{3F1C5BF2-B084-D9B3-7967-BC74B42CEA96}"
EndProject
Project("{FAE04EC0-301F-11D3-BF4B-00C04F79EFBC}") = "NotaFiscalHub.Modules.ContasPlanos.Infrastructure", "src\Modules\ContasPlanos\NotaFiscalHub.Modules.ContasPlanos.Infrastructure\NotaFiscalHub.Modules.ContasPlanos.Infrastructure.csproj", "{B21B1D53-4AA0-4439-9E32-4F740A25D48B}"
EndProject
Project("{FAE04EC0-301F-11D3-BF4B-00C04F79EFBC}") = "NotaFiscalHub.Modules.ContasPlanos.Application", "src\Modules\ContasPlanos\NotaFiscalHub.Modules.ContasPlanos.Application\NotaFiscalHub.Modules.ContasPlanos.Application.csproj", "{5802B4FA-B403-48B8-A722-B619C203C1DC}"
EndProject
Project("{FAE04EC0-301F-11D3-BF4B-00C04F79EFBC}") = "NotaFiscalHub.Modules.ContasPlanos.Domain", "src\Modules\ContasPlanos\NotaFiscalHub.Modules.ContasPlanos.Domain\NotaFiscalHub.Modules.ContasPlanos.Domain.csproj", "{BAB48DC3-905F-4975-A292-E2DFEF8713EF}"
EndProject
Project("{2150E333-8FDC-42A3-9474-1A3956D46DE8}") = "BuildingBlocks", "BuildingBlocks", "{90298CBA-BD6F-3A0A-69D5-97CAD7B05E7E}"
EndProject
Project("{FAE04EC0-301F-11D3-BF4B-00C04F79EFBC}") = "NotaFiscalHub.BuildingBlocks.Kernel", "src\BuildingBlocks\NotaFiscalHub.BuildingBlocks.Kernel\NotaFiscalHub.BuildingBlocks.Kernel.csproj", "{319D37AC-9E2F-4EA1-AF30-F6895519E943}"
EndProject
Project("{FAE04EC0-301F-11D3-BF4B-00C04F79EFBC}") = "NotaFiscalHub.Modules.ContasPlanos.Contracts", "src\Modules\ContasPlanos\NotaFiscalHub.Modules.ContasPlanos.Contracts\NotaFiscalHub.Modules.ContasPlanos.Contracts.csproj", "{8B365818-93D2-40E5-821C-CACCA9D0C205}"
EndProject
Project("{FAE04EC0-301F-11D3-BF4B-00C04F79EFBC}") = "NotaFiscalHub.BuildingBlocks.Persistence", "src\BuildingBlocks\NotaFiscalHub.BuildingBlocks.Persistence\NotaFiscalHub.BuildingBlocks.Persistence.csproj", "{53893CA2-2B41-4854-92AC-CE44DF138696}"
EndProject
Project("{2150E333-8FDC-42A3-9474-1A3956D46DE8}") = "EmpresasCertificados", "EmpresasCertificados", "{120E27D6-F17A-64BB-34DF-7C4527005F73}"
EndProject
Project("{FAE04EC0-301F-11D3-BF4B-00C04F79EFBC}") = "NotaFiscalHub.Modules.EmpresasCertificados.Infrastructure", "src\Modules\EmpresasCertificados\NotaFiscalHub.Modules.EmpresasCertificados.Infrastructure\NotaFiscalHub.Modules.EmpresasCertificados.Infrastructure.csproj", "{171D62B4-1888-414A-8EC5-526CEFE4DBB2}"
EndProject
Project("{FAE04EC0-301F-11D3-BF4B-00C04F79EFBC}") = "NotaFiscalHub.Modules.EmpresasCertificados.Application", "src\Modules\EmpresasCertificados\NotaFiscalHub.Modules.EmpresasCertificados.Application\NotaFiscalHub.Modules.EmpresasCertificados.Application.csproj", "{D9A92500-5D51-4EE0-BA2B-229B2987022A}"
EndProject
Project("{FAE04EC0-301F-11D3-BF4B-00C04F79EFBC}") = "NotaFiscalHub.Modules.EmpresasCertificados.Domain", "src\Modules\EmpresasCertificados\NotaFiscalHub.Modules.EmpresasCertificados.Domain\NotaFiscalHub.Modules.EmpresasCertificados.Domain.csproj", "{470296B2-3840-47D5-A1E8-7E56EB9F59BF}"
EndProject
Project("{FAE04EC0-301F-11D3-BF4B-00C04F79EFBC}") = "NotaFiscalHub.Modules.EmpresasCertificados.Contracts", "src\Modules\EmpresasCertificados\NotaFiscalHub.Modules.EmpresasCertificados.Contracts\NotaFiscalHub.Modules.EmpresasCertificados.Contracts.csproj", "{E8C6333F-2622-4619-9F99-69395CF4BD82}"
EndProject
Project("{2150E333-8FDC-42A3-9474-1A3956D46DE8}") = "Emissao", "Emissao", "{64264B1E-AA44-010F-884E-ED128D22FC07}"
EndProject
Project("{FAE04EC0-301F-11D3-BF4B-00C04F79EFBC}") = "NotaFiscalHub.Modules.Emissao.Infrastructure", "src\Modules\Emissao\NotaFiscalHub.Modules.Emissao.Infrastructure\NotaFiscalHub.Modules.Emissao.Infrastructure.csproj", "{9BB20D19-848B-401E-BD62-7555F45C8C8E}"
EndProject
Project("{FAE04EC0-301F-11D3-BF4B-00C04F79EFBC}") = "NotaFiscalHub.Modules.Emissao.Application", "src\Modules\Emissao\NotaFiscalHub.Modules.Emissao.Application\NotaFiscalHub.Modules.Emissao.Application.csproj", "{97545BA2-8A99-4763-986C-EDA7B3006A3D}"
EndProject
Project("{FAE04EC0-301F-11D3-BF4B-00C04F79EFBC}") = "NotaFiscalHub.Modules.Emissao.Domain", "src\Modules\Emissao\NotaFiscalHub.Modules.Emissao.Domain\NotaFiscalHub.Modules.Emissao.Domain.csproj", "{365774E0-2F03-4257-ACC1-C783D5DF6E90}"
EndProject
Project("{FAE04EC0-301F-11D3-BF4B-00C04F79EFBC}") = "NotaFiscalHub.Modules.Emissao.Contracts", "src\Modules\Emissao\NotaFiscalHub.Modules.Emissao.Contracts\NotaFiscalHub.Modules.Emissao.Contracts.csproj", "{4EF1316B-B914-4B58-A364-9981F72D047D}"
EndProject
Project("{2150E333-8FDC-42A3-9474-1A3956D46DE8}") = "MotorNfce", "MotorNfce", "{2F467B94-5468-E802-E96C-84C0A7FA0A05}"
EndProject
Project("{FAE04EC0-301F-11D3-BF4B-00C04F79EFBC}") = "NotaFiscalHub.Modules.MotorNfce.Contracts", "src\Modules\MotorNfce\NotaFiscalHub.Modules.MotorNfce.Contracts\NotaFiscalHub.Modules.MotorNfce.Contracts.csproj", "{0FCFFED4-067B-4112-8785-7C0A94D91B07}"
EndProject
Project("{2150E333-8FDC-42A3-9474-1A3956D46DE8}") = "Documentos", "Documentos", "{80D8DFA3-5ACC-6E44-2356-57012AC2DE50}"
EndProject
Project("{FAE04EC0-301F-11D3-BF4B-00C04F79EFBC}") = "NotaFiscalHub.Modules.Documentos.Contracts", "src\Modules\Documentos\NotaFiscalHub.Modules.Documentos.Contracts\NotaFiscalHub.Modules.Documentos.Contracts.csproj", "{08E4738F-3CAC-45B4-9E2B-063CDDB69D4B}"
EndProject
Project("{FAE04EC0-301F-11D3-BF4B-00C04F79EFBC}") = "NotaFiscalHub.Modules.Documentos.Infrastructure", "src\Modules\Documentos\NotaFiscalHub.Modules.Documentos.Infrastructure\NotaFiscalHub.Modules.Documentos.Infrastructure.csproj", "{EC51BB12-A45D-4072-8B72-B6CDE04EA7D4}"
EndProject
Project("{FAE04EC0-301F-11D3-BF4B-00C04F79EFBC}") = "NotaFiscalHub.Modules.Documentos.Application", "src\Modules\Documentos\NotaFiscalHub.Modules.Documentos.Application\NotaFiscalHub.Modules.Documentos.Application.csproj", "{55996489-A632-477D-8DF2-1D25963B4A3E}"
EndProject
Project("{FAE04EC0-301F-11D3-BF4B-00C04F79EFBC}") = "NotaFiscalHub.Modules.Documentos.Domain", "src\Modules\Documentos\NotaFiscalHub.Modules.Documentos.Domain\NotaFiscalHub.Modules.Documentos.Domain.csproj", "{DD55D579-3874-4570-9A72-3BCACD4D6B4A}"
EndProject
Project("{FAE04EC0-301F-11D3-BF4B-00C04F79EFBC}") = "NotaFiscalHub.Modules.MotorNfce.Infrastructure", "src\Modules\MotorNfce\NotaFiscalHub.Modules.MotorNfce.Infrastructure\NotaFiscalHub.Modules.MotorNfce.Infrastructure.csproj", "{F553B7C7-D707-4702-8CCF-0715DC510C9C}"
EndProject
Project("{FAE04EC0-301F-11D3-BF4B-00C04F79EFBC}") = "NotaFiscalHub.Modules.MotorNfce.Application", "src\Modules\MotorNfce\NotaFiscalHub.Modules.MotorNfce.Application\NotaFiscalHub.Modules.MotorNfce.Application.csproj", "{2D7C66F4-A548-429E-87D1-1D34B303B3B7}"
EndProject
Project("{FAE04EC0-301F-11D3-BF4B-00C04F79EFBC}") = "NotaFiscalHub.Modules.MotorNfce.Domain", "src\Modules\MotorNfce\NotaFiscalHub.Modules.MotorNfce.Domain\NotaFiscalHub.Modules.MotorNfce.Domain.csproj", "{2A6A3AA7-07BA-49B0-8AB4-FFB582973610}"
EndProject
Project("{2150E333-8FDC-42A3-9474-1A3956D46DE8}") = "Worker", "Worker", "{89BA21D6-604E-9DA1-5F6C-9062FD58212E}"
EndProject
Project("{FAE04EC0-301F-11D3-BF4B-00C04F79EFBC}") = "NotaFiscalHub.Worker", "src\Worker\NotaFiscalHub.Worker\NotaFiscalHub.Worker.csproj", "{C545DCAC-D019-4733-BC15-3D6CFB03B629}"
EndProject
Project("{2150E333-8FDC-42A3-9474-1A3956D46DE8}") = "tests", "tests", "{0AB3BF05-4346-4AA6-1389-037BE0695223}"
EndProject
Project("{FAE04EC0-301F-11D3-BF4B-00C04F79EFBC}") = "NotaFiscalHub.ArchitectureTests", "tests\NotaFiscalHub.ArchitectureTests\NotaFiscalHub.ArchitectureTests.csproj", "{C2275B61-7773-4BBF-A081-EF553E299BA5}"
EndProject
Project("{FAE04EC0-301F-11D3-BF4B-00C04F79EFBC}") = "NotaFiscalHub.BuildingBlocks.Kernel.UnitTests", "tests\NotaFiscalHub.BuildingBlocks.Kernel.UnitTests\NotaFiscalHub.BuildingBlocks.Kernel.UnitTests.csproj", "{2F50B944-17E6-4E5C-9D5C-6651B97C7D03}"
EndProject
Project("{FAE04EC0-301F-11D3-BF4B-00C04F79EFBC}") = "NotaFiscalHub.IntegrationTests", "tests\NotaFiscalHub.IntegrationTests\NotaFiscalHub.IntegrationTests.csproj", "{0FA49DB3-01D8-4765-BC4C-F3130B04E173}"
EndProject
Project("{2150E333-8FDC-42A3-9474-1A3956D46DE8}") = "BuildingBlocks", "BuildingBlocks", "{7266C4A9-E384-DC00-0EB6-47F6002CFBA7}"
EndProject
Project("{FAE04EC0-301F-11D3-BF4B-00C04F79EFBC}") = "NotaFiscalHub.BuildingBlocks.Messaging.Abstractions", "src\BuildingBlocks\NotaFiscalHub.BuildingBlocks.Messaging.Abstractions\NotaFiscalHub.BuildingBlocks.Messaging.Abstractions.csproj", "{C21FD153-26A5-4685-9D7E-73153204BEE8}"
EndProject
Project("{FAE04EC0-301F-11D3-BF4B-00C04F79EFBC}") = "NotaFiscalHub.BuildingBlocks.Messaging", "src\BuildingBlocks\NotaFiscalHub.BuildingBlocks.Messaging\NotaFiscalHub.BuildingBlocks.Messaging.csproj", "{6A55D4A2-6DFB-4575-9C0D-A0B88FFDDBF5}"
EndProject
Project("{FAE04EC0-301F-11D3-BF4B-00C04F79EFBC}") = "NotaFiscalHub.BuildingBlocks.Messaging.UnitTests", "tests\NotaFiscalHub.BuildingBlocks.Messaging.UnitTests\NotaFiscalHub.BuildingBlocks.Messaging.UnitTests.csproj", "{F85F59AC-88C2-40A1-BA5A-D12B00AC963E}"
EndProject
Project("{FAE04EC0-301F-11D3-BF4B-00C04F79EFBC}") = "NotaFiscalHub.BuildingBlocks.Messaging.TestKit", "src\BuildingBlocks\NotaFiscalHub.BuildingBlocks.Messaging.TestKit\NotaFiscalHub.BuildingBlocks.Messaging.TestKit.csproj", "{D94F3350-0C8E-44D5-B85C-FB28AB386EE8}"
EndProject
Project("{FAE04EC0-301F-11D3-BF4B-00C04F79EFBC}") = "NotaFiscalHub.BuildingBlocks.Idempotency", "src\BuildingBlocks\NotaFiscalHub.BuildingBlocks.Idempotency\NotaFiscalHub.BuildingBlocks.Idempotency.csproj", "{4AA06FB6-4B12-4F6C-904C-6470BBD0B886}"
EndProject
Project("{FAE04EC0-301F-11D3-BF4B-00C04F79EFBC}") = "NotaFiscalHub.BuildingBlocks.Idempotency.UnitTests", "tests\NotaFiscalHub.BuildingBlocks.Idempotency.UnitTests\NotaFiscalHub.BuildingBlocks.Idempotency.UnitTests.csproj", "{236D7555-1032-46EB-9223-88D4FA4B7257}"
EndProject
Project("{FAE04EC0-301F-11D3-BF4B-00C04F79EFBC}") = "NotaFiscalHub.BuildingBlocks.Auditoria.Contracts", "src\BuildingBlocks\NotaFiscalHub.BuildingBlocks.Auditoria.Contracts\NotaFiscalHub.BuildingBlocks.Auditoria.Contracts.csproj", "{9EDA92CC-E630-4E36-B239-3E34B120BAFC}"
EndProject
Project("{FAE04EC0-301F-11D3-BF4B-00C04F79EFBC}") = "NotaFiscalHub.BuildingBlocks.Auditoria", "src\BuildingBlocks\NotaFiscalHub.BuildingBlocks.Auditoria\NotaFiscalHub.BuildingBlocks.Auditoria.csproj", "{C6446C66-F1B3-4EAC-B859-0DCBF656C77B}"
EndProject
Project("{FAE04EC0-301F-11D3-BF4B-00C04F79EFBC}") = "NotaFiscalHub.BuildingBlocks.Auditoria.UnitTests", "tests\NotaFiscalHub.BuildingBlocks.Auditoria.UnitTests\NotaFiscalHub.BuildingBlocks.Auditoria.UnitTests.csproj", "{D98A8A25-542B-4C21-B3B4-A0B84026415C}"
EndProject
Global
	GlobalSection(SolutionConfigurationPlatforms) = preSolution
		Debug|Any CPU = Debug|Any CPU
		Debug|x64 = Debug|x64
		Debug|x86 = Debug|x86
		Release|Any CPU = Release|Any CPU
		Release|x64 = Release|x64
		Release|x86 = Release|x86
	EndGlobalSection
	GlobalSection(ProjectConfigurationPlatforms) = postSolution
		{A581B7BF-3A22-4DA1-9FA9-947A826C884A}.Debug|Any CPU.ActiveCfg = Debug|Any CPU
		{A581B7BF-3A22-4DA1-9FA9-947A826C884A}.Debug|Any CPU.Build.0 = Debug|Any CPU
		{A581B7BF-3A22-4DA1-9FA9-947A826C884A}.Debug|x64.ActiveCfg = Debug|Any CPU
		{A581B7BF-3A22-4DA1-9FA9-947A826C884A}.Debug|x64.Build.0 = Debug|Any CPU
		{A581B7BF-3A22-4DA1-9FA9-947A826C884A}.Debug|x86.ActiveCfg = Debug|Any CPU
		{A581B7BF-3A22-4DA1-9FA9-947A826C884A}.Debug|x86.Build.0 = Debug|Any CPU
		{A581B7BF-3A22-4DA1-9FA9-947A826C884A}.Release|Any CPU.ActiveCfg = Release|Any CPU
		{A581B7BF-3A22-4DA1-9FA9-947A826C884A}.Release|Any CPU.Build.0 = Release|Any CPU
		{A581B7BF-3A22-4DA1-9FA9-947A826C884A}.Release|x64.ActiveCfg = Release|Any CPU
		{A581B7BF-3A22-4DA1-9FA9-947A826C884A}.Release|x64.Build.0 = Release|Any CPU
		{A581B7BF-3A22-4DA1-9FA9-947A826C884A}.Release|x86.ActiveCfg = Release|Any CPU
		{A581B7BF-3A22-4DA1-9FA9-947A826C884A}.Release|x86.Build.0 = Release|Any CPU
		{B21B1D53-4AA0-4439-9E32-4F740A25D48B}.Debug|Any CPU.ActiveCfg = Debug|Any CPU
		{B21B1D53-4AA0-4439-9E32-4F740A25D48B}.Debug|Any CPU.Build.0 = Debug|Any CPU
		{B21B1D53-4AA0-4439-9E32-4F740A25D48B}.Debug|x64.ActiveCfg = Debug|Any CPU
		{B21B1D53-4AA0-4439-9E32-4F740A25D48B}.Debug|x64.Build.0 = Debug|Any CPU
		{B21B1D53-4AA0-4439-9E32-4F740A25D48B}.Debug|x86.ActiveCfg = Debug|Any CPU
		{B21B1D53-4AA0-4439-9E32-4F740A25D48B}.Debug|x86.Build.0 = Debug|Any CPU
		{B21B1D53-4AA0-4439-9E32-4F740A25D48B}.Release|Any CPU.ActiveCfg = Release|Any CPU
		{B21B1D53-4AA0-4439-9E32-4F740A25D48B}.Release|Any CPU.Build.0 = Release|Any CPU
		{B21B1D53-4AA0-4439-9E32-4F740A25D48B}.Release|x64.ActiveCfg = Release|Any CPU
		{B21B1D53-4AA0-4439-9E32-4F740A25D48B}.Release|x64.Build.0 = Release|Any CPU
		{B21B1D53-4AA0-4439-9E32-4F740A25D48B}.Release|x86.ActiveCfg = Release|Any CPU
		{B21B1D53-4AA0-4439-9E32-4F740A25D48B}.Release|x86.Build.0 = Release|Any CPU
		{5802B4FA-B403-48B8-A722-B619C203C1DC}.Debug|Any CPU.ActiveCfg = Debug|Any CPU
		{5802B4FA-B403-48B8-A722-B619C203C1DC}.Debug|Any CPU.Build.0 = Debug|Any CPU
		{5802B4FA-B403-48B8-A722-B619C203C1DC}.Debug|x64.ActiveCfg = Debug|Any CPU
		{5802B4FA-B403-48B8-A722-B619C203C1DC}.Debug|x64.Build.0 = Debug|Any CPU
		{5802B4FA-B403-48B8-A722-B619C203C1DC}.Debug|x86.ActiveCfg = Debug|Any CPU
		{5802B4FA-B403-48B8-A722-B619C203C1DC}.Debug|x86.Build.0 = Debug|Any CPU
		{5802B4FA-B403-48B8-A722-B619C203C1DC}.Release|Any CPU.ActiveCfg = Release|Any CPU
		{5802B4FA-B403-48B8-A722-B619C203C1DC}.Release|Any CPU.Build.0 = Release|Any CPU
		{5802B4FA-B403-48B8-A722-B619C203C1DC}.Release|x64.ActiveCfg = Release|Any CPU
		{5802B4FA-B403-48B8-A722-B619C203C1DC}.Release|x64.Build.0 = Release|Any CPU
		{5802B4FA-B403-48B8-A722-B619C203C1DC}.Release|x86.ActiveCfg = Release|Any CPU
		{5802B4FA-B403-48B8-A722-B619C203C1DC}.Release|x86.Build.0 = Release|Any CPU
		{BAB48DC3-905F-4975-A292-E2DFEF8713EF}.Debug|Any CPU.ActiveCfg = Debug|Any CPU
		{BAB48DC3-905F-4975-A292-E2DFEF8713EF}.Debug|Any CPU.Build.0 = Debug|Any CPU
		{BAB48DC3-905F-4975-A292-E2DFEF8713EF}.Debug|x64.ActiveCfg = Debug|Any CPU
		{BAB48DC3-905F-4975-A292-E2DFEF8713EF}.Debug|x64.Build.0 = Debug|Any CPU
		{BAB48DC3-905F-4975-A292-E2DFEF8713EF}.Debug|x86.ActiveCfg = Debug|Any CPU
		{BAB48DC3-905F-4975-A292-E2DFEF8713EF}.Debug|x86.Build.0 = Debug|Any CPU
		{BAB48DC3-905F-4975-A292-E2DFEF8713EF}.Release|Any CPU.ActiveCfg = Release|Any CPU
		{BAB48DC3-905F-4975-A292-E2DFEF8713EF}.Release|Any CPU.Build.0 = Release|Any CPU
		{BAB48DC3-905F-4975-A292-E2DFEF8713EF}.Release|x64.ActiveCfg = Release|Any CPU
		{BAB48DC3-905F-4975-A292-E2DFEF8713EF}.Release|x64.Build.0 = Release|Any CPU
		{BAB48DC3-905F-4975-A292-E2DFEF8713EF}.Release|x86.ActiveCfg = Release|Any CPU
		{BAB48DC3-905F-4975-A292-E2DFEF8713EF}.Release|x86.Build.0 = Release|Any CPU
		{319D37AC-9E2F-4EA1-AF30-F6895519E943}.Debug|Any CPU.ActiveCfg = Debug|Any CPU
		{319D37AC-9E2F-4EA1-AF30-F6895519E943}.Debug|Any CPU.Build.0 = Debug|Any CPU
		{319D37AC-9E2F-4EA1-AF30-F6895519E943}.Debug|x64.ActiveCfg = Debug|Any CPU
		{319D37AC-9E2F-4EA1-AF30-F6895519E943}.Debug|x64.Build.0 = Debug|Any CPU
		{319D37AC-9E2F-4EA1-AF30-F6895519E943}.Debug|x86.ActiveCfg = Debug|Any CPU
		{319D37AC-9E2F-4EA1-AF30-F6895519E943}.Debug|x86.Build.0 = Debug|Any CPU
		{319D37AC-9E2F-4EA1-AF30-F6895519E943}.Release|Any CPU.ActiveCfg = Release|Any CPU
		{319D37AC-9E2F-4EA1-AF30-F6895519E943}.Release|Any CPU.Build.0 = Release|Any CPU
		{319D37AC-9E2F-4EA1-AF30-F6895519E943}.Release|x64.ActiveCfg = Release|Any CPU
		{319D37AC-9E2F-4EA1-AF30-F6895519E943}.Release|x64.Build.0 = Release|Any CPU
		{319D37AC-9E2F-4EA1-AF30-F6895519E943}.Release|x86.ActiveCfg = Release|Any CPU
		{319D37AC-9E2F-4EA1-AF30-F6895519E943}.Release|x86.Build.0 = Release|Any CPU
		{8B365818-93D2-40E5-821C-CACCA9D0C205}.Debug|Any CPU.ActiveCfg = Debug|Any CPU
		{8B365818-93D2-40E5-821C-CACCA9D0C205}.Debug|Any CPU.Build.0 = Debug|Any CPU
		{8B365818-93D2-40E5-821C-CACCA9D0C205}.Debug|x64.ActiveCfg = Debug|Any CPU
		{8B365818-93D2-40E5-821C-CACCA9D0C205}.Debug|x64.Build.0 = Debug|Any CPU
		{8B365818-93D2-40E5-821C-CACCA9D0C205}.Debug|x86.ActiveCfg = Debug|Any CPU
		{8B365818-93D2-40E5-821C-CACCA9D0C205}.Debug|x86.Build.0 = Debug|Any CPU
		{8B365818-93D2-40E5-821C-CACCA9D0C205}.Release|Any CPU.ActiveCfg = Release|Any CPU
		{8B365818-93D2-40E5-821C-CACCA9D0C205}.Release|Any CPU.Build.0 = Release|Any CPU
		{8B365818-93D2-40E5-821C-CACCA9D0C205}.Release|x64.ActiveCfg = Release|Any CPU
		{8B365818-93D2-40E5-821C-CACCA9D0C205}.Release|x64.Build.0 = Release|Any CPU
		{8B365818-93D2-40E5-821C-CACCA9D0C205}.Release|x86.ActiveCfg = Release|Any CPU
		{8B365818-93D2-40E5-821C-CACCA9D0C205}.Release|x86.Build.0 = Release|Any CPU
		{53893CA2-2B41-4854-92AC-CE44DF138696}.Debug|Any CPU.ActiveCfg = Debug|Any CPU
		{53893CA2-2B41-4854-92AC-CE44DF138696}.Debug|Any CPU.Build.0 = Debug|Any CPU
		{53893CA2-2B41-4854-92AC-CE44DF138696}.Debug|x64.ActiveCfg = Debug|Any CPU
		{53893CA2-2B41-4854-92AC-CE44DF138696}.Debug|x64.Build.0 = Debug|Any CPU
		{53893CA2-2B41-4854-92AC-CE44DF138696}.Debug|x86.ActiveCfg = Debug|Any CPU
		{53893CA2-2B41-4854-92AC-CE44DF138696}.Debug|x86.Build.0 = Debug|Any CPU
		{53893CA2-2B41-4854-92AC-CE44DF138696}.Release|Any CPU.ActiveCfg = Release|Any CPU
		{53893CA2-2B41-4854-92AC-CE44DF138696}.Release|Any CPU.Build.0 = Release|Any CPU
		{53893CA2-2B41-4854-92AC-CE44DF138696}.Release|x64.ActiveCfg = Release|Any CPU
		{53893CA2-2B41-4854-92AC-CE44DF138696}.Release|x64.Build.0 = Release|Any CPU
		{53893CA2-2B41-4854-92AC-CE44DF138696}.Release|x86.ActiveCfg = Release|Any CPU
		{53893CA2-2B41-4854-92AC-CE44DF138696}.Release|x86.Build.0 = Release|Any CPU
		{171D62B4-1888-414A-8EC5-526CEFE4DBB2}.Debug|Any CPU.ActiveCfg = Debug|Any CPU
		{171D62B4-1888-414A-8EC5-526CEFE4DBB2}.Debug|Any CPU.Build.0 = Debug|Any CPU
		{171D62B4-1888-414A-8EC5-526CEFE4DBB2}.Debug|x64.ActiveCfg = Debug|Any CPU
		{171D62B4-1888-414A-8EC5-526CEFE4DBB2}.Debug|x64.Build.0 = Debug|Any CPU
		{171D62B4-1888-414A-8EC5-526CEFE4DBB2}.Debug|x86.ActiveCfg = Debug|Any CPU
		{171D62B4-1888-414A-8EC5-526CEFE4DBB2}.Debug|x86.Build.0 = Debug|Any CPU
		{171D62B4-1888-414A-8EC5-526CEFE4DBB2}.Release|Any CPU.ActiveCfg = Release|Any CPU
		{171D62B4-1888-414A-8EC5-526CEFE4DBB2}.Release|Any CPU.Build.0 = Release|Any CPU
		{171D62B4-1888-414A-8EC5-526CEFE4DBB2}.Release|x64.ActiveCfg = Release|Any CPU
		{171D62B4-1888-414A-8EC5-526CEFE4DBB2}.Release|x64.Build.0 = Release|Any CPU
		{171D62B4-1888-414A-8EC5-526CEFE4DBB2}.Release|x86.ActiveCfg = Release|Any CPU
		{171D62B4-1888-414A-8EC5-526CEFE4DBB2}.Release|x86.Build.0 = Release|Any CPU
		{D9A92500-5D51-4EE0-BA2B-229B2987022A}.Debug|Any CPU.ActiveCfg = Debug|Any CPU
		{D9A92500-5D51-4EE0-BA2B-229B2987022A}.Debug|Any CPU.Build.0 = Debug|Any CPU
		{D9A92500-5D51-4EE0-BA2B-229B2987022A}.Debug|x64.ActiveCfg = Debug|Any CPU
		{D9A92500-5D51-4EE0-BA2B-229B2987022A}.Debug|x64.Build.0 = Debug|Any CPU
		{D9A92500-5D51-4EE0-BA2B-229B2987022A}.Debug|x86.ActiveCfg = Debug|Any CPU
		{D9A92500-5D51-4EE0-BA2B-229B2987022A}.Debug|x86.Build.0 = Debug|Any CPU
		{D9A92500-5D51-4EE0-BA2B-229B2987022A}.Release|Any CPU.ActiveCfg = Release|Any CPU
		{D9A92500-5D51-4EE0-BA2B-229B2987022A}.Release|Any CPU.Build.0 = Release|Any CPU
		{D9A92500-5D51-4EE0-BA2B-229B2987022A}.Release|x64.ActiveCfg = Release|Any CPU
		{D9A92500-5D51-4EE0-BA2B-229B2987022A}.Release|x64.Build.0 = Release|Any CPU
		{D9A92500-5D51-4EE0-BA2B-229B2987022A}.Release|x86.ActiveCfg = Release|Any CPU
		{D9A92500-5D51-4EE0-BA2B-229B2987022A}.Release|x86.Build.0 = Release|Any CPU
		{470296B2-3840-47D5-A1E8-7E56EB9F59BF}.Debug|Any CPU.ActiveCfg = Debug|Any CPU
		{470296B2-3840-47D5-A1E8-7E56EB9F59BF}.Debug|Any CPU.Build.0 = Debug|Any CPU
		{470296B2-3840-47D5-A1E8-7E56EB9F59BF}.Debug|x64.ActiveCfg = Debug|Any CPU
		{470296B2-3840-47D5-A1E8-7E56EB9F59BF}.Debug|x64.Build.0 = Debug|Any CPU
		{470296B2-3840-47D5-A1E8-7E56EB9F59BF}.Debug|x86.ActiveCfg = Debug|Any CPU
		{470296B2-3840-47D5-A1E8-7E56EB9F59BF}.Debug|x86.Build.0 = Debug|Any CPU
		{470296B2-3840-47D5-A1E8-7E56EB9F59BF}.Release|Any CPU.ActiveCfg = Release|Any CPU
		{470296B2-3840-47D5-A1E8-7E56EB9F59BF}.Release|Any CPU.Build.0 = Release|Any CPU
		{470296B2-3840-47D5-A1E8-7E56EB9F59BF}.Release|x64.ActiveCfg = Release|Any CPU
		{470296B2-3840-47D5-A1E8-7E56EB9F59BF}.Release|x64.Build.0 = Release|Any CPU
		{470296B2-3840-47D5-A1E8-7E56EB9F59BF}.Release|x86.ActiveCfg = Release|Any CPU
		{470296B2-3840-47D5-A1E8-7E56EB9F59BF}.Release|x86.Build.0 = Release|Any CPU
		{E8C6333F-2622-4619-9F99-69395CF4BD82}.Debug|Any CPU.ActiveCfg = Debug|Any CPU
		{E8C6333F-2622-4619-9F99-69395CF4BD82}.Debug|Any CPU.Build.0 = Debug|Any CPU
		{E8C6333F-2622-4619-9F99-69395CF4BD82}.Debug|x64.ActiveCfg = Debug|Any CPU
		{E8C6333F-2622-4619-9F99-69395CF4BD82}.Debug|x64.Build.0 = Debug|Any CPU
		{E8C6333F-2622-4619-9F99-69395CF4BD82}.Debug|x86.ActiveCfg = Debug|Any CPU
		{E8C6333F-2622-4619-9F99-69395CF4BD82}.Debug|x86.Build.0 = Debug|Any CPU
		{E8C6333F-2622-4619-9F99-69395CF4BD82}.Release|Any CPU.ActiveCfg = Release|Any CPU
		{E8C6333F-2622-4619-9F99-69395CF4BD82}.Release|Any CPU.Build.0 = Release|Any CPU
		{E8C6333F-2622-4619-9F99-69395CF4BD82}.Release|x64.ActiveCfg = Release|Any CPU
		{E8C6333F-2622-4619-9F99-69395CF4BD82}.Release|x64.Build.0 = Release|Any CPU
		{E8C6333F-2622-4619-9F99-69395CF4BD82}.Release|x86.ActiveCfg = Release|Any CPU
		{E8C6333F-2622-4619-9F99-69395CF4BD82}.Release|x86.Build.0 = Release|Any CPU
		{9BB20D19-848B-401E-BD62-7555F45C8C8E}.Debug|Any CPU.ActiveCfg = Debug|Any CPU
		{9BB20D19-848B-401E-BD62-7555F45C8C8E}.Debug|Any CPU.Build.0 = Debug|Any CPU
		{9BB20D19-848B-401E-BD62-7555F45C8C8E}.Debug|x64.ActiveCfg = Debug|Any CPU
		{9BB20D19-848B-401E-BD62-7555F45C8C8E}.Debug|x64.Build.0 = Debug|Any CPU
		{9BB20D19-848B-401E-BD62-7555F45C8C8E}.Debug|x86.ActiveCfg = Debug|Any CPU
		{9BB20D19-848B-401E-BD62-7555F45C8C8E}.Debug|x86.Build.0 = Debug|Any CPU
		{9BB20D19-848B-401E-BD62-7555F45C8C8E}.Release|Any CPU.ActiveCfg = Release|Any CPU
		{9BB20D19-848B-401E-BD62-7555F45C8C8E}.Release|Any CPU.Build.0 = Release|Any CPU
		{9BB20D19-848B-401E-BD62-7555F45C8C8E}.Release|x64.ActiveCfg = Release|Any CPU
		{9BB20D19-848B-401E-BD62-7555F45C8C8E}.Release|x64.Build.0 = Release|Any CPU
		{9BB20D19-848B-401E-BD62-7555F45C8C8E}.Release|x86.ActiveCfg = Release|Any CPU
		{9BB20D19-848B-401E-BD62-7555F45C8C8E}.Release|x86.Build.0 = Release|Any CPU
		{97545BA2-8A99-4763-986C-EDA7B3006A3D}.Debug|Any CPU.ActiveCfg = Debug|Any CPU
		{97545BA2-8A99-4763-986C-EDA7B3006A3D}.Debug|Any CPU.Build.0 = Debug|Any CPU
		{97545BA2-8A99-4763-986C-EDA7B3006A3D}.Debug|x64.ActiveCfg = Debug|Any CPU
		{97545BA2-8A99-4763-986C-EDA7B3006A3D}.Debug|x64.Build.0 = Debug|Any CPU
		{97545BA2-8A99-4763-986C-EDA7B3006A3D}.Debug|x86.ActiveCfg = Debug|Any CPU
		{97545BA2-8A99-4763-986C-EDA7B3006A3D}.Debug|x86.Build.0 = Debug|Any CPU
		{97545BA2-8A99-4763-986C-EDA7B3006A3D}.Release|Any CPU.ActiveCfg = Release|Any CPU
		{97545BA2-8A99-4763-986C-EDA7B3006A3D}.Release|Any CPU.Build.0 = Release|Any CPU
		{97545BA2-8A99-4763-986C-EDA7B3006A3D}.Release|x64.ActiveCfg = Release|Any CPU
		{97545BA2-8A99-4763-986C-EDA7B3006A3D}.Release|x64.Build.0 = Release|Any CPU
		{97545BA2-8A99-4763-986C-EDA7B3006A3D}.Release|x86.ActiveCfg = Release|Any CPU
		{97545BA2-8A99-4763-986C-EDA7B3006A3D}.Release|x86.Build.0 = Release|Any CPU
		{365774E0-2F03-4257-ACC1-C783D5DF6E90}.Debug|Any CPU.ActiveCfg = Debug|Any CPU
		{365774E0-2F03-4257-ACC1-C783D5DF6E90}.Debug|Any CPU.Build.0 = Debug|Any CPU
		{365774E0-2F03-4257-ACC1-C783D5DF6E90}.Debug|x64.ActiveCfg = Debug|Any CPU
		{365774E0-2F03-4257-ACC1-C783D5DF6E90}.Debug|x64.Build.0 = Debug|Any CPU
		{365774E0-2F03-4257-ACC1-C783D5DF6E90}.Debug|x86.ActiveCfg = Debug|Any CPU
		{365774E0-2F03-4257-ACC1-C783D5DF6E90}.Debug|x86.Build.0 = Debug|Any CPU
		{365774E0-2F03-4257-ACC1-C783D5DF6E90}.Release|Any CPU.ActiveCfg = Release|Any CPU
		{365774E0-2F03-4257-ACC1-C783D5DF6E90}.Release|Any CPU.Build.0 = Release|Any CPU
		{365774E0-2F03-4257-ACC1-C783D5DF6E90}.Release|x64.ActiveCfg = Release|Any CPU
		{365774E0-2F03-4257-ACC1-C783D5DF6E90}.Release|x64.Build.0 = Release|Any CPU
		{365774E0-2F03-4257-ACC1-C783D5DF6E90}.Release|x86.ActiveCfg = Release|Any CPU
		{365774E0-2F03-4257-ACC1-C783D5DF6E90}.Release|x86.Build.0 = Release|Any CPU
		{4EF1316B-B914-4B58-A364-9981F72D047D}.Debug|Any CPU.ActiveCfg = Debug|Any CPU
		{4EF1316B-B914-4B58-A364-9981F72D047D}.Debug|Any CPU.Build.0 = Debug|Any CPU
		{4EF1316B-B914-4B58-A364-9981F72D047D}.Debug|x64.ActiveCfg = Debug|Any CPU
		{4EF1316B-B914-4B58-A364-9981F72D047D}.Debug|x64.Build.0 = Debug|Any CPU
		{4EF1316B-B914-4B58-A364-9981F72D047D}.Debug|x86.ActiveCfg = Debug|Any CPU
		{4EF1316B-B914-4B58-A364-9981F72D047D}.Debug|x86.Build.0 = Debug|Any CPU
		{4EF1316B-B914-4B58-A364-9981F72D047D}.Release|Any CPU.ActiveCfg = Release|Any CPU
		{4EF1316B-B914-4B58-A364-9981F72D047D}.Release|Any CPU.Build.0 = Release|Any CPU
		{4EF1316B-B914-4B58-A364-9981F72D047D}.Release|x64.ActiveCfg = Release|Any CPU
		{4EF1316B-B914-4B58-A364-9981F72D047D}.Release|x64.Build.0 = Release|Any CPU
		{4EF1316B-B914-4B58-A364-9981F72D047D}.Release|x86.ActiveCfg = Release|Any CPU
		{4EF1316B-B914-4B58-A364-9981F72D047D}.Release|x86.Build.0 = Release|Any CPU
		{0FCFFED4-067B-4112-8785-7C0A94D91B07}.Debug|Any CPU.ActiveCfg = Debug|Any CPU
		{0FCFFED4-067B-4112-8785-7C0A94D91B07}.Debug|Any CPU.Build.0 = Debug|Any CPU
		{0FCFFED4-067B-4112-8785-7C0A94D91B07}.Debug|x64.ActiveCfg = Debug|Any CPU
		{0FCFFED4-067B-4112-8785-7C0A94D91B07}.Debug|x64.Build.0 = Debug|Any CPU
		{0FCFFED4-067B-4112-8785-7C0A94D91B07}.Debug|x86.ActiveCfg = Debug|Any CPU
		{0FCFFED4-067B-4112-8785-7C0A94D91B07}.Debug|x86.Build.0 = Debug|Any CPU
		{0FCFFED4-067B-4112-8785-7C0A94D91B07}.Release|Any CPU.ActiveCfg = Release|Any CPU
		{0FCFFED4-067B-4112-8785-7C0A94D91B07}.Release|Any CPU.Build.0 = Release|Any CPU
		{0FCFFED4-067B-4112-8785-7C0A94D91B07}.Release|x64.ActiveCfg = Release|Any CPU
		{0FCFFED4-067B-4112-8785-7C0A94D91B07}.Release|x64.Build.0 = Release|Any CPU
		{0FCFFED4-067B-4112-8785-7C0A94D91B07}.Release|x86.ActiveCfg = Release|Any CPU
		{0FCFFED4-067B-4112-8785-7C0A94D91B07}.Release|x86.Build.0 = Release|Any CPU
		{08E4738F-3CAC-45B4-9E2B-063CDDB69D4B}.Debug|Any CPU.ActiveCfg = Debug|Any CPU
		{08E4738F-3CAC-45B4-9E2B-063CDDB69D4B}.Debug|Any CPU.Build.0 = Debug|Any CPU
		{08E4738F-3CAC-45B4-9E2B-063CDDB69D4B}.Debug|x64.ActiveCfg = Debug|Any CPU
		{08E4738F-3CAC-45B4-9E2B-063CDDB69D4B}.Debug|x64.Build.0 = Debug|Any CPU
		{08E4738F-3CAC-45B4-9E2B-063CDDB69D4B}.Debug|x86.ActiveCfg = Debug|Any CPU
		{08E4738F-3CAC-45B4-9E2B-063CDDB69D4B}.Debug|x86.Build.0 = Debug|Any CPU
		{08E4738F-3CAC-45B4-9E2B-063CDDB69D4B}.Release|Any CPU.ActiveCfg = Release|Any CPU
		{08E4738F-3CAC-45B4-9E2B-063CDDB69D4B}.Release|Any CPU.Build.0 = Release|Any CPU
		{08E4738F-3CAC-45B4-9E2B-063CDDB69D4B}.Release|x64.ActiveCfg = Release|Any CPU
		{08E4738F-3CAC-45B4-9E2B-063CDDB69D4B}.Release|x64.Build.0 = Release|Any CPU
		{08E4738F-3CAC-45B4-9E2B-063CDDB69D4B}.Release|x86.ActiveCfg = Release|Any CPU
		{08E4738F-3CAC-45B4-9E2B-063CDDB69D4B}.Release|x86.Build.0 = Release|Any CPU
		{EC51BB12-A45D-4072-8B72-B6CDE04EA7D4}.Debug|Any CPU.ActiveCfg = Debug|Any CPU
		{EC51BB12-A45D-4072-8B72-B6CDE04EA7D4}.Debug|Any CPU.Build.0 = Debug|Any CPU
		{EC51BB12-A45D-4072-8B72-B6CDE04EA7D4}.Debug|x64.ActiveCfg = Debug|Any CPU
		{EC51BB12-A45D-4072-8B72-B6CDE04EA7D4}.Debug|x64.Build.0 = Debug|Any CPU
		{EC51BB12-A45D-4072-8B72-B6CDE04EA7D4}.Debug|x86.ActiveCfg = Debug|Any CPU
		{EC51BB12-A45D-4072-8B72-B6CDE04EA7D4}.Debug|x86.Build.0 = Debug|Any CPU
		{EC51BB12-A45D-4072-8B72-B6CDE04EA7D4}.Release|Any CPU.ActiveCfg = Release|Any CPU
		{EC51BB12-A45D-4072-8B72-B6CDE04EA7D4}.Release|Any CPU.Build.0 = Release|Any CPU
		{EC51BB12-A45D-4072-8B72-B6CDE04EA7D4}.Release|x64.ActiveCfg = Release|Any CPU
		{EC51BB12-A45D-4072-8B72-B6CDE04EA7D4}.Release|x64.Build.0 = Release|Any CPU
		{EC51BB12-A45D-4072-8B72-B6CDE04EA7D4}.Release|x86.ActiveCfg = Release|Any CPU
		{EC51BB12-A45D-4072-8B72-B6CDE04EA7D4}.Release|x86.Build.0 = Release|Any CPU
		{55996489-A632-477D-8DF2-1D25963B4A3E}.Debug|Any CPU.ActiveCfg = Debug|Any CPU
		{55996489-A632-477D-8DF2-1D25963B4A3E}.Debug|Any CPU.Build.0 = Debug|Any CPU
		{55996489-A632-477D-8DF2-1D25963B4A3E}.Debug|x64.ActiveCfg = Debug|Any CPU
		{55996489-A632-477D-8DF2-1D25963B4A3E}.Debug|x64.Build.0 = Debug|Any CPU
		{55996489-A632-477D-8DF2-1D25963B4A3E}.Debug|x86.ActiveCfg = Debug|Any CPU
		{55996489-A632-477D-8DF2-1D25963B4A3E}.Debug|x86.Build.0 = Debug|Any CPU
		{55996489-A632-477D-8DF2-1D25963B4A3E}.Release|Any CPU.ActiveCfg = Release|Any CPU
		{55996489-A632-477D-8DF2-1D25963B4A3E}.Release|Any CPU.Build.0 = Release|Any CPU
		{55996489-A632-477D-8DF2-1D25963B4A3E}.Release|x64.ActiveCfg = Release|Any CPU
		{55996489-A632-477D-8DF2-1D25963B4A3E}.Release|x64.Build.0 = Release|Any CPU
		{55996489-A632-477D-8DF2-1D25963B4A3E}.Release|x86.ActiveCfg = Release|Any CPU
		{55996489-A632-477D-8DF2-1D25963B4A3E}.Release|x86.Build.0 = Release|Any CPU
		{DD55D579-3874-4570-9A72-3BCACD4D6B4A}.Debug|Any CPU.ActiveCfg = Debug|Any CPU
		{DD55D579-3874-4570-9A72-3BCACD4D6B4A}.Debug|Any CPU.Build.0 = Debug|Any CPU
		{DD55D579-3874-4570-9A72-3BCACD4D6B4A}.Debug|x64.ActiveCfg = Debug|Any CPU
		{DD55D579-3874-4570-9A72-3BCACD4D6B4A}.Debug|x64.Build.0 = Debug|Any CPU
		{DD55D579-3874-4570-9A72-3BCACD4D6B4A}.Debug|x86.ActiveCfg = Debug|Any CPU
		{DD55D579-3874-4570-9A72-3BCACD4D6B4A}.Debug|x86.Build.0 = Debug|Any CPU
		{DD55D579-3874-4570-9A72-3BCACD4D6B4A}.Release|Any CPU.ActiveCfg = Release|Any CPU
		{DD55D579-3874-4570-9A72-3BCACD4D6B4A}.Release|Any CPU.Build.0 = Release|Any CPU
		{DD55D579-3874-4570-9A72-3BCACD4D6B4A}.Release|x64.ActiveCfg = Release|Any CPU
		{DD55D579-3874-4570-9A72-3BCACD4D6B4A}.Release|x64.Build.0 = Release|Any CPU
		{DD55D579-3874-4570-9A72-3BCACD4D6B4A}.Release|x86.ActiveCfg = Release|Any CPU
		{DD55D579-3874-4570-9A72-3BCACD4D6B4A}.Release|x86.Build.0 = Release|Any CPU
		{F553B7C7-D707-4702-8CCF-0715DC510C9C}.Debug|Any CPU.ActiveCfg = Debug|Any CPU
		{F553B7C7-D707-4702-8CCF-0715DC510C9C}.Debug|Any CPU.Build.0 = Debug|Any CPU
		{F553B7C7-D707-4702-8CCF-0715DC510C9C}.Debug|x64.ActiveCfg = Debug|Any CPU
		{F553B7C7-D707-4702-8CCF-0715DC510C9C}.Debug|x64.Build.0 = Debug|Any CPU
		{F553B7C7-D707-4702-8CCF-0715DC510C9C}.Debug|x86.ActiveCfg = Debug|Any CPU
		{F553B7C7-D707-4702-8CCF-0715DC510C9C}.Debug|x86.Build.0 = Debug|Any CPU
		{F553B7C7-D707-4702-8CCF-0715DC510C9C}.Release|Any CPU.ActiveCfg = Release|Any CPU
		{F553B7C7-D707-4702-8CCF-0715DC510C9C}.Release|Any CPU.Build.0 = Release|Any CPU
		{F553B7C7-D707-4702-8CCF-0715DC510C9C}.Release|x64.ActiveCfg = Release|Any CPU
		{F553B7C7-D707-4702-8CCF-0715DC510C9C}.Release|x64.Build.0 = Release|Any CPU
		{F553B7C7-D707-4702-8CCF-0715DC510C9C}.Release|x86.ActiveCfg = Release|Any CPU
		{F553B7C7-D707-4702-8CCF-0715DC510C9C}.Release|x86.Build.0 = Release|Any CPU
		{2D7C66F4-A548-429E-87D1-1D34B303B3B7}.Debug|Any CPU.ActiveCfg = Debug|Any CPU
		{2D7C66F4-A548-429E-87D1-1D34B303B3B7}.Debug|Any CPU.Build.0 = Debug|Any CPU
		{2D7C66F4-A548-429E-87D1-1D34B303B3B7}.Debug|x64.ActiveCfg = Debug|Any CPU
		{2D7C66F4-A548-429E-87D1-1D34B303B3B7}.Debug|x64.Build.0 = Debug|Any CPU
		{2D7C66F4-A548-429E-87D1-1D34B303B3B7}.Debug|x86.ActiveCfg = Debug|Any CPU
		{2D7C66F4-A548-429E-87D1-1D34B303B3B7}.Debug|x86.Build.0 = Debug|Any CPU
		{2D7C66F4-A548-429E-87D1-1D34B303B3B7}.Release|Any CPU.ActiveCfg = Release|Any CPU
		{2D7C66F4-A548-429E-87D1-1D34B303B3B7}.Release|Any CPU.Build.0 = Release|Any CPU
		{2D7C66F4-A548-429E-87D1-1D34B303B3B7}.Release|x64.ActiveCfg = Release|Any CPU
		{2D7C66F4-A548-429E-87D1-1D34B303B3B7}.Release|x64.Build.0 = Release|Any CPU
		{2D7C66F4-A548-429E-87D1-1D34B303B3B7}.Release|x86.ActiveCfg = Release|Any CPU
		{2D7C66F4-A548-429E-87D1-1D34B303B3B7}.Release|x86.Build.0 = Release|Any CPU
		{2A6A3AA7-07BA-49B0-8AB4-FFB582973610}.Debug|Any CPU.ActiveCfg = Debug|Any CPU
		{2A6A3AA7-07BA-49B0-8AB4-FFB582973610}.Debug|Any CPU.Build.0 = Debug|Any CPU
		{2A6A3AA7-07BA-49B0-8AB4-FFB582973610}.Debug|x64.ActiveCfg = Debug|Any CPU
		{2A6A3AA7-07BA-49B0-8AB4-FFB582973610}.Debug|x64.Build.0 = Debug|Any CPU
		{2A6A3AA7-07BA-49B0-8AB4-FFB582973610}.Debug|x86.ActiveCfg = Debug|Any CPU
		{2A6A3AA7-07BA-49B0-8AB4-FFB582973610}.Debug|x86.Build.0 = Debug|Any CPU
		{2A6A3AA7-07BA-49B0-8AB4-FFB582973610}.Release|Any CPU.ActiveCfg = Release|Any CPU
		{2A6A3AA7-07BA-49B0-8AB4-FFB582973610}.Release|Any CPU.Build.0 = Release|Any CPU
		{2A6A3AA7-07BA-49B0-8AB4-FFB582973610}.Release|x64.ActiveCfg = Release|Any CPU
		{2A6A3AA7-07BA-49B0-8AB4-FFB582973610}.Release|x64.Build.0 = Release|Any CPU
		{2A6A3AA7-07BA-49B0-8AB4-FFB582973610}.Release|x86.ActiveCfg = Release|Any CPU
		{2A6A3AA7-07BA-49B0-8AB4-FFB582973610}.Release|x86.Build.0 = Release|Any CPU
		{C545DCAC-D019-4733-BC15-3D6CFB03B629}.Debug|Any CPU.ActiveCfg = Debug|Any CPU
		{C545DCAC-D019-4733-BC15-3D6CFB03B629}.Debug|Any CPU.Build.0 = Debug|Any CPU
		{C545DCAC-D019-4733-BC15-3D6CFB03B629}.Debug|x64.ActiveCfg = Debug|Any CPU
		{C545DCAC-D019-4733-BC15-3D6CFB03B629}.Debug|x64.Build.0 = Debug|Any CPU
		{C545DCAC-D019-4733-BC15-3D6CFB03B629}.Debug|x86.ActiveCfg = Debug|Any CPU
		{C545DCAC-D019-4733-BC15-3D6CFB03B629}.Debug|x86.Build.0 = Debug|Any CPU
		{C545DCAC-D019-4733-BC15-3D6CFB03B629}.Release|Any CPU.ActiveCfg = Release|Any CPU
		{C545DCAC-D019-4733-BC15-3D6CFB03B629}.Release|Any CPU.Build.0 = Release|Any CPU
		{C545DCAC-D019-4733-BC15-3D6CFB03B629}.Release|x64.ActiveCfg = Release|Any CPU
		{C545DCAC-D019-4733-BC15-3D6CFB03B629}.Release|x64.Build.0 = Release|Any CPU
		{C545DCAC-D019-4733-BC15-3D6CFB03B629}.Release|x86.ActiveCfg = Release|Any CPU
		{C545DCAC-D019-4733-BC15-3D6CFB03B629}.Release|x86.Build.0 = Release|Any CPU
		{C2275B61-7773-4BBF-A081-EF553E299BA5}.Debug|Any CPU.ActiveCfg = Debug|Any CPU
		{C2275B61-7773-4BBF-A081-EF553E299BA5}.Debug|Any CPU.Build.0 = Debug|Any CPU
		{C2275B61-7773-4BBF-A081-EF553E299BA5}.Debug|x64.ActiveCfg = Debug|Any CPU
		{C2275B61-7773-4BBF-A081-EF553E299BA5}.Debug|x64.Build.0 = Debug|Any CPU
		{C2275B61-7773-4BBF-A081-EF553E299BA5}.Debug|x86.ActiveCfg = Debug|Any CPU
		{C2275B61-7773-4BBF-A081-EF553E299BA5}.Debug|x86.Build.0 = Debug|Any CPU
		{C2275B61-7773-4BBF-A081-EF553E299BA5}.Release|Any CPU.ActiveCfg = Release|Any CPU
		{C2275B61-7773-4BBF-A081-EF553E299BA5}.Release|Any CPU.Build.0 = Release|Any CPU
		{C2275B61-7773-4BBF-A081-EF553E299BA5}.Release|x64.ActiveCfg = Release|Any CPU
		{C2275B61-7773-4BBF-A081-EF553E299BA5}.Release|x64.Build.0 = Release|Any CPU
		{C2275B61-7773-4BBF-A081-EF553E299BA5}.Release|x86.ActiveCfg = Release|Any CPU
		{C2275B61-7773-4BBF-A081-EF553E299BA5}.Release|x86.Build.0 = Release|Any CPU
		{2F50B944-17E6-4E5C-9D5C-6651B97C7D03}.Debug|Any CPU.ActiveCfg = Debug|Any CPU
		{2F50B944-17E6-4E5C-9D5C-6651B97C7D03}.Debug|Any CPU.Build.0 = Debug|Any CPU
		{2F50B944-17E6-4E5C-9D5C-6651B97C7D03}.Debug|x64.ActiveCfg = Debug|Any CPU
		{2F50B944-17E6-4E5C-9D5C-6651B97C7D03}.Debug|x64.Build.0 = Debug|Any CPU
		{2F50B944-17E6-4E5C-9D5C-6651B97C7D03}.Debug|x86.ActiveCfg = Debug|Any CPU
		{2F50B944-17E6-4E5C-9D5C-6651B97C7D03}.Debug|x86.Build.0 = Debug|Any CPU
		{2F50B944-17E6-4E5C-9D5C-6651B97C7D03}.Release|Any CPU.ActiveCfg = Release|Any CPU
		{2F50B944-17E6-4E5C-9D5C-6651B97C7D03}.Release|Any CPU.Build.0 = Release|Any CPU
		{2F50B944-17E6-4E5C-9D5C-6651B97C7D03}.Release|x64.ActiveCfg = Release|Any CPU
		{2F50B944-17E6-4E5C-9D5C-6651B97C7D03}.Release|x64.Build.0 = Release|Any CPU
		{2F50B944-17E6-4E5C-9D5C-6651B97C7D03}.Release|x86.ActiveCfg = Release|Any CPU
		{2F50B944-17E6-4E5C-9D5C-6651B97C7D03}.Release|x86.Build.0 = Release|Any CPU
		{0FA49DB3-01D8-4765-BC4C-F3130B04E173}.Debug|Any CPU.ActiveCfg = Debug|Any CPU
		{0FA49DB3-01D8-4765-BC4C-F3130B04E173}.Debug|Any CPU.Build.0 = Debug|Any CPU
		{0FA49DB3-01D8-4765-BC4C-F3130B04E173}.Debug|x64.ActiveCfg = Debug|Any CPU
		{0FA49DB3-01D8-4765-BC4C-F3130B04E173}.Debug|x64.Build.0 = Debug|Any CPU
		{0FA49DB3-01D8-4765-BC4C-F3130B04E173}.Debug|x86.ActiveCfg = Debug|Any CPU
		{0FA49DB3-01D8-4765-BC4C-F3130B04E173}.Debug|x86.Build.0 = Debug|Any CPU
		{0FA49DB3-01D8-4765-BC4C-F3130B04E173}.Release|Any CPU.ActiveCfg = Release|Any CPU
		{0FA49DB3-01D8-4765-BC4C-F3130B04E173}.Release|Any CPU.Build.0 = Release|Any CPU
		{0FA49DB3-01D8-4765-BC4C-F3130B04E173}.Release|x64.ActiveCfg = Release|Any CPU
		{0FA49DB3-01D8-4765-BC4C-F3130B04E173}.Release|x64.Build.0 = Release|Any CPU
		{0FA49DB3-01D8-4765-BC4C-F3130B04E173}.Release|x86.ActiveCfg = Release|Any CPU
		{0FA49DB3-01D8-4765-BC4C-F3130B04E173}.Release|x86.Build.0 = Release|Any CPU
		{C21FD153-26A5-4685-9D7E-73153204BEE8}.Debug|Any CPU.ActiveCfg = Debug|Any CPU
		{C21FD153-26A5-4685-9D7E-73153204BEE8}.Debug|Any CPU.Build.0 = Debug|Any CPU
		{C21FD153-26A5-4685-9D7E-73153204BEE8}.Debug|x64.ActiveCfg = Debug|Any CPU
		{C21FD153-26A5-4685-9D7E-73153204BEE8}.Debug|x64.Build.0 = Debug|Any CPU
		{C21FD153-26A5-4685-9D7E-73153204BEE8}.Debug|x86.ActiveCfg = Debug|Any CPU
		{C21FD153-26A5-4685-9D7E-73153204BEE8}.Debug|x86.Build.0 = Debug|Any CPU
		{C21FD153-26A5-4685-9D7E-73153204BEE8}.Release|Any CPU.ActiveCfg = Release|Any CPU
		{C21FD153-26A5-4685-9D7E-73153204BEE8}.Release|Any CPU.Build.0 = Release|Any CPU
		{C21FD153-26A5-4685-9D7E-73153204BEE8}.Release|x64.ActiveCfg = Release|Any CPU
		{C21FD153-26A5-4685-9D7E-73153204BEE8}.Release|x64.Build.0 = Release|Any CPU
		{C21FD153-26A5-4685-9D7E-73153204BEE8}.Release|x86.ActiveCfg = Release|Any CPU
		{C21FD153-26A5-4685-9D7E-73153204BEE8}.Release|x86.Build.0 = Release|Any CPU
		{6A55D4A2-6DFB-4575-9C0D-A0B88FFDDBF5}.Debug|Any CPU.ActiveCfg = Debug|Any CPU
		{6A55D4A2-6DFB-4575-9C0D-A0B88FFDDBF5}.Debug|Any CPU.Build.0 = Debug|Any CPU
		{6A55D4A2-6DFB-4575-9C0D-A0B88FFDDBF5}.Debug|x64.ActiveCfg = Debug|Any CPU
		{6A55D4A2-6DFB-4575-9C0D-A0B88FFDDBF5}.Debug|x64.Build.0 = Debug|Any CPU
		{6A55D4A2-6DFB-4575-9C0D-A0B88FFDDBF5}.Debug|x86.ActiveCfg = Debug|Any CPU
		{6A55D4A2-6DFB-4575-9C0D-A0B88FFDDBF5}.Debug|x86.Build.0 = Debug|Any CPU
		{6A55D4A2-6DFB-4575-9C0D-A0B88FFDDBF5}.Release|Any CPU.ActiveCfg = Release|Any CPU
		{6A55D4A2-6DFB-4575-9C0D-A0B88FFDDBF5}.Release|Any CPU.Build.0 = Release|Any CPU
		{6A55D4A2-6DFB-4575-9C0D-A0B88FFDDBF5}.Release|x64.ActiveCfg = Release|Any CPU
		{6A55D4A2-6DFB-4575-9C0D-A0B88FFDDBF5}.Release|x64.Build.0 = Release|Any CPU
		{6A55D4A2-6DFB-4575-9C0D-A0B88FFDDBF5}.Release|x86.ActiveCfg = Release|Any CPU
		{6A55D4A2-6DFB-4575-9C0D-A0B88FFDDBF5}.Release|x86.Build.0 = Release|Any CPU
		{F85F59AC-88C2-40A1-BA5A-D12B00AC963E}.Debug|Any CPU.ActiveCfg = Debug|Any CPU
		{F85F59AC-88C2-40A1-BA5A-D12B00AC963E}.Debug|Any CPU.Build.0 = Debug|Any CPU
		{F85F59AC-88C2-40A1-BA5A-D12B00AC963E}.Debug|x64.ActiveCfg = Debug|Any CPU
		{F85F59AC-88C2-40A1-BA5A-D12B00AC963E}.Debug|x64.Build.0 = Debug|Any CPU
		{F85F59AC-88C2-40A1-BA5A-D12B00AC963E}.Debug|x86.ActiveCfg = Debug|Any CPU
		{F85F59AC-88C2-40A1-BA5A-D12B00AC963E}.Debug|x86.Build.0 = Debug|Any CPU
		{F85F59AC-88C2-40A1-BA5A-D12B00AC963E}.Release|Any CPU.ActiveCfg = Release|Any CPU
		{F85F59AC-88C2-40A1-BA5A-D12B00AC963E}.Release|Any CPU.Build.0 = Release|Any CPU
		{F85F59AC-88C2-40A1-BA5A-D12B00AC963E}.Release|x64.ActiveCfg = Release|Any CPU
		{F85F59AC-88C2-40A1-BA5A-D12B00AC963E}.Release|x64.Build.0 = Release|Any CPU
		{F85F59AC-88C2-40A1-BA5A-D12B00AC963E}.Release|x86.ActiveCfg = Release|Any CPU
		{F85F59AC-88C2-40A1-BA5A-D12B00AC963E}.Release|x86.Build.0 = Release|Any CPU
		{D94F3350-0C8E-44D5-B85C-FB28AB386EE8}.Debug|Any CPU.ActiveCfg = Debug|Any CPU
		{D94F3350-0C8E-44D5-B85C-FB28AB386EE8}.Debug|Any CPU.Build.0 = Debug|Any CPU
		{D94F3350-0C8E-44D5-B85C-FB28AB386EE8}.Debug|x64.ActiveCfg = Debug|Any CPU
		{D94F3350-0C8E-44D5-B85C-FB28AB386EE8}.Debug|x64.Build.0 = Debug|Any CPU
		{D94F3350-0C8E-44D5-B85C-FB28AB386EE8}.Debug|x86.ActiveCfg = Debug|Any CPU
		{D94F3350-0C8E-44D5-B85C-FB28AB386EE8}.Debug|x86.Build.0 = Debug|Any CPU
		{D94F3350-0C8E-44D5-B85C-FB28AB386EE8}.Release|Any CPU.ActiveCfg = Release|Any CPU
		{D94F3350-0C8E-44D5-B85C-FB28AB386EE8}.Release|Any CPU.Build.0 = Release|Any CPU
		{D94F3350-0C8E-44D5-B85C-FB28AB386EE8}.Release|x64.ActiveCfg = Release|Any CPU
		{D94F3350-0C8E-44D5-B85C-FB28AB386EE8}.Release|x64.Build.0 = Release|Any CPU
		{D94F3350-0C8E-44D5-B85C-FB28AB386EE8}.Release|x86.ActiveCfg = Release|Any CPU
		{D94F3350-0C8E-44D5-B85C-FB28AB386EE8}.Release|x86.Build.0 = Release|Any CPU
		{4AA06FB6-4B12-4F6C-904C-6470BBD0B886}.Debug|Any CPU.ActiveCfg = Debug|Any CPU
		{4AA06FB6-4B12-4F6C-904C-6470BBD0B886}.Debug|Any CPU.Build.0 = Debug|Any CPU
		{4AA06FB6-4B12-4F6C-904C-6470BBD0B886}.Debug|x64.ActiveCfg = Debug|Any CPU
		{4AA06FB6-4B12-4F6C-904C-6470BBD0B886}.Debug|x64.Build.0 = Debug|Any CPU
		{4AA06FB6-4B12-4F6C-904C-6470BBD0B886}.Debug|x86.ActiveCfg = Debug|Any CPU
		{4AA06FB6-4B12-4F6C-904C-6470BBD0B886}.Debug|x86.Build.0 = Debug|Any CPU
		{4AA06FB6-4B12-4F6C-904C-6470BBD0B886}.Release|Any CPU.ActiveCfg = Release|Any CPU
		{4AA06FB6-4B12-4F6C-904C-6470BBD0B886}.Release|Any CPU.Build.0 = Release|Any CPU
		{4AA06FB6-4B12-4F6C-904C-6470BBD0B886}.Release|x64.ActiveCfg = Release|Any CPU
		{4AA06FB6-4B12-4F6C-904C-6470BBD0B886}.Release|x64.Build.0 = Release|Any CPU
		{4AA06FB6-4B12-4F6C-904C-6470BBD0B886}.Release|x86.ActiveCfg = Release|Any CPU
		{4AA06FB6-4B12-4F6C-904C-6470BBD0B886}.Release|x86.Build.0 = Release|Any CPU
		{236D7555-1032-46EB-9223-88D4FA4B7257}.Debug|Any CPU.ActiveCfg = Debug|Any CPU
		{236D7555-1032-46EB-9223-88D4FA4B7257}.Debug|Any CPU.Build.0 = Debug|Any CPU
		{236D7555-1032-46EB-9223-88D4FA4B7257}.Debug|x64.ActiveCfg = Debug|Any CPU
		{236D7555-1032-46EB-9223-88D4FA4B7257}.Debug|x64.Build.0 = Debug|Any CPU
		{236D7555-1032-46EB-9223-88D4FA4B7257}.Debug|x86.ActiveCfg = Debug|Any CPU
		{236D7555-1032-46EB-9223-88D4FA4B7257}.Debug|x86.Build.0 = Debug|Any CPU
		{236D7555-1032-46EB-9223-88D4FA4B7257}.Release|Any CPU.ActiveCfg = Release|Any CPU
		{236D7555-1032-46EB-9223-88D4FA4B7257}.Release|Any CPU.Build.0 = Release|Any CPU
		{236D7555-1032-46EB-9223-88D4FA4B7257}.Release|x64.ActiveCfg = Release|Any CPU
		{236D7555-1032-46EB-9223-88D4FA4B7257}.Release|x64.Build.0 = Release|Any CPU
		{236D7555-1032-46EB-9223-88D4FA4B7257}.Release|x86.ActiveCfg = Release|Any CPU
		{236D7555-1032-46EB-9223-88D4FA4B7257}.Release|x86.Build.0 = Release|Any CPU
		{9EDA92CC-E630-4E36-B239-3E34B120BAFC}.Debug|Any CPU.ActiveCfg = Debug|Any CPU
		{9EDA92CC-E630-4E36-B239-3E34B120BAFC}.Debug|Any CPU.Build.0 = Debug|Any CPU
		{9EDA92CC-E630-4E36-B239-3E34B120BAFC}.Debug|x64.ActiveCfg = Debug|Any CPU
		{9EDA92CC-E630-4E36-B239-3E34B120BAFC}.Debug|x64.Build.0 = Debug|Any CPU
		{9EDA92CC-E630-4E36-B239-3E34B120BAFC}.Debug|x86.ActiveCfg = Debug|Any CPU
		{9EDA92CC-E630-4E36-B239-3E34B120BAFC}.Debug|x86.Build.0 = Debug|Any CPU
		{9EDA92CC-E630-4E36-B239-3E34B120BAFC}.Release|Any CPU.ActiveCfg = Release|Any CPU
		{9EDA92CC-E630-4E36-B239-3E34B120BAFC}.Release|Any CPU.Build.0 = Release|Any CPU
		{9EDA92CC-E630-4E36-B239-3E34B120BAFC}.Release|x64.ActiveCfg = Release|Any CPU
		{9EDA92CC-E630-4E36-B239-3E34B120BAFC}.Release|x64.Build.0 = Release|Any CPU
		{9EDA92CC-E630-4E36-B239-3E34B120BAFC}.Release|x86.ActiveCfg = Release|Any CPU
		{9EDA92CC-E630-4E36-B239-3E34B120BAFC}.Release|x86.Build.0 = Release|Any CPU
		{C6446C66-F1B3-4EAC-B859-0DCBF656C77B}.Debug|Any CPU.ActiveCfg = Debug|Any CPU
		{C6446C66-F1B3-4EAC-B859-0DCBF656C77B}.Debug|Any CPU.Build.0 = Debug|Any CPU
		{C6446C66-F1B3-4EAC-B859-0DCBF656C77B}.Debug|x64.ActiveCfg = Debug|Any CPU
		{C6446C66-F1B3-4EAC-B859-0DCBF656C77B}.Debug|x64.Build.0 = Debug|Any CPU
		{C6446C66-F1B3-4EAC-B859-0DCBF656C77B}.Debug|x86.ActiveCfg = Debug|Any CPU
		{C6446C66-F1B3-4EAC-B859-0DCBF656C77B}.Debug|x86.Build.0 = Debug|Any CPU
		{C6446C66-F1B3-4EAC-B859-0DCBF656C77B}.Release|Any CPU.ActiveCfg = Release|Any CPU
		{C6446C66-F1B3-4EAC-B859-0DCBF656C77B}.Release|Any CPU.Build.0 = Release|Any CPU
		{C6446C66-F1B3-4EAC-B859-0DCBF656C77B}.Release|x64.ActiveCfg = Release|Any CPU
		{C6446C66-F1B3-4EAC-B859-0DCBF656C77B}.Release|x64.Build.0 = Release|Any CPU
		{C6446C66-F1B3-4EAC-B859-0DCBF656C77B}.Release|x86.ActiveCfg = Release|Any CPU
		{C6446C66-F1B3-4EAC-B859-0DCBF656C77B}.Release|x86.Build.0 = Release|Any CPU
		{D98A8A25-542B-4C21-B3B4-A0B84026415C}.Debug|Any CPU.ActiveCfg = Debug|Any CPU
		{D98A8A25-542B-4C21-B3B4-A0B84026415C}.Debug|Any CPU.Build.0 = Debug|Any CPU
		{D98A8A25-542B-4C21-B3B4-A0B84026415C}.Debug|x64.ActiveCfg = Debug|Any CPU
		{D98A8A25-542B-4C21-B3B4-A0B84026415C}.Debug|x64.Build.0 = Debug|Any CPU
		{D98A8A25-542B-4C21-B3B4-A0B84026415C}.Debug|x86.ActiveCfg = Debug|Any CPU
		{D98A8A25-542B-4C21-B3B4-A0B84026415C}.Debug|x86.Build.0 = Debug|Any CPU
		{D98A8A25-542B-4C21-B3B4-A0B84026415C}.Release|Any CPU.ActiveCfg = Release|Any CPU
		{D98A8A25-542B-4C21-B3B4-A0B84026415C}.Release|Any CPU.Build.0 = Release|Any CPU
		{D98A8A25-542B-4C21-B3B4-A0B84026415C}.Release|x64.ActiveCfg = Release|Any CPU
		{D98A8A25-542B-4C21-B3B4-A0B84026415C}.Release|x64.Build.0 = Release|Any CPU
		{D98A8A25-542B-4C21-B3B4-A0B84026415C}.Release|x86.ActiveCfg = Release|Any CPU
		{D98A8A25-542B-4C21-B3B4-A0B84026415C}.Release|x86.Build.0 = Release|Any CPU
	EndGlobalSection
	GlobalSection(SolutionProperties) = preSolution
		HideSolutionNode = FALSE
	EndGlobalSection
	GlobalSection(NestedProjects) = preSolution
		{81034408-37C8-1011-444E-4C15C2FADA8E} = {827E0CD3-B72D-47B6-A68D-7590B98EB39B}
		{A581B7BF-3A22-4DA1-9FA9-947A826C884A} = {81034408-37C8-1011-444E-4C15C2FADA8E}
		{EC447DCF-ABFA-6E24-52A5-D7FD48A5C558} = {827E0CD3-B72D-47B6-A68D-7590B98EB39B}
		{3F1C5BF2-B084-D9B3-7967-BC74B42CEA96} = {EC447DCF-ABFA-6E24-52A5-D7FD48A5C558}
		{B21B1D53-4AA0-4439-9E32-4F740A25D48B} = {3F1C5BF2-B084-D9B3-7967-BC74B42CEA96}
		{5802B4FA-B403-48B8-A722-B619C203C1DC} = {3F1C5BF2-B084-D9B3-7967-BC74B42CEA96}
		{BAB48DC3-905F-4975-A292-E2DFEF8713EF} = {3F1C5BF2-B084-D9B3-7967-BC74B42CEA96}
		{90298CBA-BD6F-3A0A-69D5-97CAD7B05E7E} = {827E0CD3-B72D-47B6-A68D-7590B98EB39B}
		{319D37AC-9E2F-4EA1-AF30-F6895519E943} = {90298CBA-BD6F-3A0A-69D5-97CAD7B05E7E}
		{8B365818-93D2-40E5-821C-CACCA9D0C205} = {3F1C5BF2-B084-D9B3-7967-BC74B42CEA96}
		{53893CA2-2B41-4854-92AC-CE44DF138696} = {90298CBA-BD6F-3A0A-69D5-97CAD7B05E7E}
		{120E27D6-F17A-64BB-34DF-7C4527005F73} = {EC447DCF-ABFA-6E24-52A5-D7FD48A5C558}
		{171D62B4-1888-414A-8EC5-526CEFE4DBB2} = {120E27D6-F17A-64BB-34DF-7C4527005F73}
		{D9A92500-5D51-4EE0-BA2B-229B2987022A} = {120E27D6-F17A-64BB-34DF-7C4527005F73}
		{470296B2-3840-47D5-A1E8-7E56EB9F59BF} = {120E27D6-F17A-64BB-34DF-7C4527005F73}
		{E8C6333F-2622-4619-9F99-69395CF4BD82} = {120E27D6-F17A-64BB-34DF-7C4527005F73}
		{64264B1E-AA44-010F-884E-ED128D22FC07} = {EC447DCF-ABFA-6E24-52A5-D7FD48A5C558}
		{9BB20D19-848B-401E-BD62-7555F45C8C8E} = {64264B1E-AA44-010F-884E-ED128D22FC07}
		{97545BA2-8A99-4763-986C-EDA7B3006A3D} = {64264B1E-AA44-010F-884E-ED128D22FC07}
		{365774E0-2F03-4257-ACC1-C783D5DF6E90} = {64264B1E-AA44-010F-884E-ED128D22FC07}
		{4EF1316B-B914-4B58-A364-9981F72D047D} = {64264B1E-AA44-010F-884E-ED128D22FC07}
		{2F467B94-5468-E802-E96C-84C0A7FA0A05} = {EC447DCF-ABFA-6E24-52A5-D7FD48A5C558}
		{0FCFFED4-067B-4112-8785-7C0A94D91B07} = {2F467B94-5468-E802-E96C-84C0A7FA0A05}
		{80D8DFA3-5ACC-6E44-2356-57012AC2DE50} = {EC447DCF-ABFA-6E24-52A5-D7FD48A5C558}
		{08E4738F-3CAC-45B4-9E2B-063CDDB69D4B} = {80D8DFA3-5ACC-6E44-2356-57012AC2DE50}
		{EC51BB12-A45D-4072-8B72-B6CDE04EA7D4} = {80D8DFA3-5ACC-6E44-2356-57012AC2DE50}
		{55996489-A632-477D-8DF2-1D25963B4A3E} = {80D8DFA3-5ACC-6E44-2356-57012AC2DE50}
		{DD55D579-3874-4570-9A72-3BCACD4D6B4A} = {80D8DFA3-5ACC-6E44-2356-57012AC2DE50}
		{F553B7C7-D707-4702-8CCF-0715DC510C9C} = {2F467B94-5468-E802-E96C-84C0A7FA0A05}
		{2D7C66F4-A548-429E-87D1-1D34B303B3B7} = {2F467B94-5468-E802-E96C-84C0A7FA0A05}
		{2A6A3AA7-07BA-49B0-8AB4-FFB582973610} = {2F467B94-5468-E802-E96C-84C0A7FA0A05}
		{89BA21D6-604E-9DA1-5F6C-9062FD58212E} = {827E0CD3-B72D-47B6-A68D-7590B98EB39B}
		{C545DCAC-D019-4733-BC15-3D6CFB03B629} = {89BA21D6-604E-9DA1-5F6C-9062FD58212E}
		{C2275B61-7773-4BBF-A081-EF553E299BA5} = {0AB3BF05-4346-4AA6-1389-037BE0695223}
		{2F50B944-17E6-4E5C-9D5C-6651B97C7D03} = {0AB3BF05-4346-4AA6-1389-037BE0695223}
		{0FA49DB3-01D8-4765-BC4C-F3130B04E173} = {0AB3BF05-4346-4AA6-1389-037BE0695223}
		{C21FD153-26A5-4685-9D7E-73153204BEE8} = {7266C4A9-E384-DC00-0EB6-47F6002CFBA7}
		{6A55D4A2-6DFB-4575-9C0D-A0B88FFDDBF5} = {7266C4A9-E384-DC00-0EB6-47F6002CFBA7}
		{F85F59AC-88C2-40A1-BA5A-D12B00AC963E} = {0AB3BF05-4346-4AA6-1389-037BE0695223}
		{D94F3350-0C8E-44D5-B85C-FB28AB386EE8} = {7266C4A9-E384-DC00-0EB6-47F6002CFBA7}
		{4AA06FB6-4B12-4F6C-904C-6470BBD0B886} = {90298CBA-BD6F-3A0A-69D5-97CAD7B05E7E}
		{236D7555-1032-46EB-9223-88D4FA4B7257} = {0AB3BF05-4346-4AA6-1389-037BE0695223}
		{9EDA92CC-E630-4E36-B239-3E34B120BAFC} = {90298CBA-BD6F-3A0A-69D5-97CAD7B05E7E}
		{C6446C66-F1B3-4EAC-B859-0DCBF656C77B} = {90298CBA-BD6F-3A0A-69D5-97CAD7B05E7E}
		{D98A8A25-542B-4C21-B3B4-A0B84026415C} = {0AB3BF05-4346-4AA6-1389-037BE0695223}
	EndGlobalSection
EndGlobal
